{
  "name": "fm-collector",
  "version": "1.0.0",
  "lockfileVersion": 1,
  "dependencies": {
    "eventemitter3": {
      "version": "2.0.3",
      "resolved": "https://registry.npmjs.org/eventemitter3/-/eventemitter3-2.0.3.tgz",
      "integrity": "sha1-teEHm1n7XhuidxwKmTvgYKWMmbo="
    },
    "js-cookie": {
      "version": "2.1.4",
      "resolved": "https://registry.npmjs.org/js-cookie/-/js-cookie-2.1.4.tgz",
      "integrity": "sha1-2k7FA4ZvFJ0WTPJfV57zEBUCXY0="
    },
    "tracekit": {
      "version": "0.4.5",
      "resolved": "https://registry.npmjs.org/tracekit/-/tracekit-0.4.5.tgz",
      "integrity": "sha512-LAb1udnpvhpgcx6/gmv7s6RO5lBwQGgAT/1VW0egSNSMvH/3xU3xKLoJ3pc+nkJ5AMv9qgTBnCkrUzbrHmCLpg=="
    }
  }
}
